
Microsoft Visual Studio Solution File, Format Version 12.00
# Visual Studio Version 16
VisualStudioVersion = 16.0.29215.179
MinimumVisualStudioVersion = 10.0.40219.1
Project("{FAE04EC0-301F-11D3-BF4B-00C04F79EFBC}") = "Organization-abilympics", "Organization-abilympics\Organization-abilympics.csproj", "{ED1B223B-28D9-4676-AFA9-A273AA7E0FCB}"
EndProject
Global
	GlobalSection(SolutionConfigurationPlatforms) = preSolution
		Debug|Any CPU = Debug|Any CPU
		Release|Any CPU = Release|Any CPU
	EndGlobalSection
	GlobalSection(ProjectConfigurationPlatforms) = postSolution
		{ED1B223B-28D9-4676-AFA9-A273AA7E0FCB}.Debug|Any CPU.ActiveCfg = Debug|Any CPU
		{ED1B223B-28D9-4676-AFA9-A273AA7E0FCB}.Debug|Any CPU.Build.0 = Debug|Any CPU
		{ED1B223B-28D9-4676-AFA9-A273AA7E0FCB}.Release|Any CPU.ActiveCfg = Release|Any CPU
		{ED1B223B-28D9-4676-AFA9-A273AA7E0FCB}.Release|Any CPU.Build.0 = Release|Any CPU
	EndGlobalSection
	GlobalSection(SolutionProperties) = preSolution
		HideSolutionNode = FALSE
	EndGlobalSection
	GlobalSection(ExtensibilityGlobals) = postSolution
		SolutionGuid = {700B04DF-14F0-4D4E-B6E0-734A6B7ED96A}
	EndGlobalSection
EndGlobal
